
Microsoft Visual Studio Solution File, Format Version 12.00
# Visual Studio Version 17
VisualStudioVersion = 17.3.32929.385
MinimumVisualStudioVersion = 10.0.40219.1
Project("{FAE04EC0-301F-11D3-BF4B-00C04F79EFBC}") = "EmployeeDBDemo", "EmployeeDBDemo\EmployeeDBDemo.csproj", "{487F2491-4558-4212-825F-E4D7855BAE39}"
EndProject
Global
	GlobalSection(SolutionConfigurationPlatforms) = preSolution
		Debug|Any CPU = Debug|Any CPU
		Release|Any CPU = Release|Any CPU
	EndGlobalSection
	GlobalSection(ProjectConfigurationPlatforms) = postSolution
		{487F2491-4558-4212-825F-E4D7855BAE39}.Debug|Any CPU.ActiveCfg = Debug|Any CPU
		{487F2491-4558-4212-825F-E4D7855BAE39}.Debug|Any CPU.Build.0 = Debug|Any CPU
		{487F2491-4558-4212-825F-E4D7855BAE39}.Release|Any CPU.ActiveCfg = Release|Any CPU
		{487F2491-4558-4212-825F-E4D7855BAE39}.Release|Any CPU.Build.0 = Release|Any CPU
	EndGlobalSection
	GlobalSection(SolutionProperties) = preSolution
		HideSolutionNode = FALSE
	EndGlobalSection
	GlobalSection(ExtensibilityGlobals) = postSolution
		SolutionGuid = {978318B8-D2A8-43B0-B895-52D4F736C83C}
	EndGlobalSection
EndGlobal
